
Microsoft Visual Studio Solution File, Format Version 12.00
# Visual Studio 15
VisualStudioVersion = 15.0.27130.2003
MinimumVisualStudioVersion = 10.0.40219.1
Project("{FAE04EC0-301F-11D3-BF4B-00C04F79EFBC}") = "Wing.DesignPattern", "Wing.DesignPattern\Wing.DesignPattern.csproj", "{FFDFDE90-C8A5-4B9A-A828-3B351C698893}"
EndProject
Project("{2150E333-8FDC-42A3-9474-1A3956D46DE8}") = "src", "src", "{4AD0860D-9D2B-44C3-BEA8-32C3A30EF68E}"
EndProject
Project("{2150E333-8FDC-42A3-9474-1A3956D46DE8}") = "test", "test", "{981D2F55-F374-4F62-AD4C-914BB1DFBE1A}"
EndProject
Project("{2150E333-8FDC-42A3-9474-1A3956D46DE8}") = "CreationalPatterns(创建型模式)", "CreationalPatterns(创建型模式)", "{A2687938-B4B9-4984-AF72-232518C07AFF}"
EndProject
Project("{2150E333-8FDC-42A3-9474-1A3956D46DE8}") = "AbstractFactory(抽象工厂模式)", "AbstractFactory(抽象工厂模式)", "{73C89B4F-C702-4832-AD66-6DDD1938FD0B}"
EndProject
Project("{2150E333-8FDC-42A3-9474-1A3956D46DE8}") = "FactoryMethod(工厂方法模式)", "FactoryMethod(工厂方法模式)", "{D84F52F7-39E0-4D58-845A-502A41A0A312}"
EndProject
Project("{2150E333-8FDC-42A3-9474-1A3956D46DE8}") = "SimpleFactory(简单工厂模式)", "SimpleFactory(简单工厂模式)", "{90AD10F2-8585-4963-B1BB-71FC7BE9B93D}"
EndProject
Project("{FAE04EC0-301F-11D3-BF4B-00C04F79EFBC}") = "AbstractFactory", "AbstractFactory\AbstractFactory.csproj", "{EEDA8E1E-19D1-4C6F-8AAC-782554D642DA}"
EndProject
Project("{FAE04EC0-301F-11D3-BF4B-00C04F79EFBC}") = "FactoryMethod", "FactoryMethod\FactoryMethod.csproj", "{26677B21-34C4-48E0-A97B-3445EE3479B5}"
EndProject
Project("{FAE04EC0-301F-11D3-BF4B-00C04F79EFBC}") = "SimpleFactory", "SimpleFactory\SimpleFactory.csproj", "{8DC33045-EA19-4CA5-8448-C6F1A2521B9E}"
EndProject
Project("{2150E333-8FDC-42A3-9474-1A3956D46DE8}") = "DesignPrinciples(设计原则)", "DesignPrinciples(设计原则)", "{7A1CFE26-A20C-47C6-9191-DA82410CAC20}"
EndProject
Project("{2150E333-8FDC-42A3-9474-1A3956D46DE8}") = "OpenClosedPrinciple(开放封闭原则)", "OpenClosedPrinciple(开放封闭原则)", "{DBA1F780-24C2-4BE5-8422-16FC1EBD0173}"
EndProject
Project("{FAE04EC0-301F-11D3-BF4B-00C04F79EFBC}") = "OpenClosedPrinciple", "OpenClosedPrinciple\OpenClosedPrinciple.csproj", "{49DC7425-29F2-429F-9BA1-1E85DCE3E529}"
EndProject
Project("{2150E333-8FDC-42A3-9474-1A3956D46DE8}") = "DependenceInversionPrinciple(依赖倒置原则)", "DependenceInversionPrinciple(依赖倒置原则)", "{3BEA57F1-DE16-40C7-9FAA-DCF2BAAD2079}"
EndProject
Project("{FAE04EC0-301F-11D3-BF4B-00C04F79EFBC}") = "DependenceInversionPrinciple", "DependenceInversionPrinciple\DependenceInversionPrinciple.csproj", "{7CCAEB5E-1B14-41F2-847F-8EDA256BC044}"
EndProject
Global
	GlobalSection(SolutionConfigurationPlatforms) = preSolution
		Debug|Any CPU = Debug|Any CPU
		Release|Any CPU = Release|Any CPU
	EndGlobalSection
	GlobalSection(ProjectConfigurationPlatforms) = postSolution
		{FFDFDE90-C8A5-4B9A-A828-3B351C698893}.Debug|Any CPU.ActiveCfg = Debug|Any CPU
		{FFDFDE90-C8A5-4B9A-A828-3B351C698893}.Debug|Any CPU.Build.0 = Debug|Any CPU
		{FFDFDE90-C8A5-4B9A-A828-3B351C698893}.Release|Any CPU.ActiveCfg = Release|Any CPU
		{FFDFDE90-C8A5-4B9A-A828-3B351C698893}.Release|Any CPU.Build.0 = Release|Any CPU
		{EEDA8E1E-19D1-4C6F-8AAC-782554D642DA}.Debug|Any CPU.ActiveCfg = Debug|Any CPU
		{EEDA8E1E-19D1-4C6F-8AAC-782554D642DA}.Debug|Any CPU.Build.0 = Debug|Any CPU
		{EEDA8E1E-19D1-4C6F-8AAC-782554D642DA}.Release|Any CPU.ActiveCfg = Release|Any CPU
		{EEDA8E1E-19D1-4C6F-8AAC-782554D642DA}.Release|Any CPU.Build.0 = Release|Any CPU
		{26677B21-34C4-48E0-A97B-3445EE3479B5}.Debug|Any CPU.ActiveCfg = Debug|Any CPU
		{26677B21-34C4-48E0-A97B-3445EE3479B5}.Debug|Any CPU.Build.0 = Debug|Any CPU
		{26677B21-34C4-48E0-A97B-3445EE3479B5}.Release|Any CPU.ActiveCfg = Release|Any CPU
		{26677B21-34C4-48E0-A97B-3445EE3479B5}.Release|Any CPU.Build.0 = Release|Any CPU
		{8DC33045-EA19-4CA5-8448-C6F1A2521B9E}.Debug|Any CPU.ActiveCfg = Debug|Any CPU
		{8DC33045-EA19-4CA5-8448-C6F1A2521B9E}.Debug|Any CPU.Build.0 = Debug|Any CPU
		{8DC33045-EA19-4CA5-8448-C6F1A2521B9E}.Release|Any CPU.ActiveCfg = Release|Any CPU
		{8DC33045-EA19-4CA5-8448-C6F1A2521B9E}.Release|Any CPU.Build.0 = Release|Any CPU
		{49DC7425-29F2-429F-9BA1-1E85DCE3E529}.Debug|Any CPU.ActiveCfg = Debug|Any CPU
		{49DC7425-29F2-429F-9BA1-1E85DCE3E529}.Debug|Any CPU.Build.0 = Debug|Any CPU
		{49DC7425-29F2-429F-9BA1-1E85DCE3E529}.Release|Any CPU.ActiveCfg = Release|Any CPU
		{49DC7425-29F2-429F-9BA1-1E85DCE3E529}.Release|Any CPU.Build.0 = Release|Any CPU
		{7CCAEB5E-1B14-41F2-847F-8EDA256BC044}.Debug|Any CPU.ActiveCfg = Debug|Any CPU
		{7CCAEB5E-1B14-41F2-847F-8EDA256BC044}.Debug|Any CPU.Build.0 = Debug|Any CPU
		{7CCAEB5E-1B14-41F2-847F-8EDA256BC044}.Release|Any CPU.ActiveCfg = Release|Any CPU
		{7CCAEB5E-1B14-41F2-847F-8EDA256BC044}.Release|Any CPU.Build.0 = Release|Any CPU
	EndGlobalSection
	GlobalSection(SolutionProperties) = preSolution
		HideSolutionNode = FALSE
	EndGlobalSection
	GlobalSection(NestedProjects) = preSolution
		{FFDFDE90-C8A5-4B9A-A828-3B351C698893} = {4AD0860D-9D2B-44C3-BEA8-32C3A30EF68E}
		{A2687938-B4B9-4984-AF72-232518C07AFF} = {4AD0860D-9D2B-44C3-BEA8-32C3A30EF68E}
		{73C89B4F-C702-4832-AD66-6DDD1938FD0B} = {A2687938-B4B9-4984-AF72-232518C07AFF}
		{D84F52F7-39E0-4D58-845A-502A41A0A312} = {A2687938-B4B9-4984-AF72-232518C07AFF}
		{90AD10F2-8585-4963-B1BB-71FC7BE9B93D} = {A2687938-B4B9-4984-AF72-232518C07AFF}
		{EEDA8E1E-19D1-4C6F-8AAC-782554D642DA} = {73C89B4F-C702-4832-AD66-6DDD1938FD0B}
		{26677B21-34C4-48E0-A97B-3445EE3479B5} = {D84F52F7-39E0-4D58-845A-502A41A0A312}
		{8DC33045-EA19-4CA5-8448-C6F1A2521B9E} = {90AD10F2-8585-4963-B1BB-71FC7BE9B93D}
		{7A1CFE26-A20C-47C6-9191-DA82410CAC20} = {4AD0860D-9D2B-44C3-BEA8-32C3A30EF68E}
		{DBA1F780-24C2-4BE5-8422-16FC1EBD0173} = {7A1CFE26-A20C-47C6-9191-DA82410CAC20}
		{49DC7425-29F2-429F-9BA1-1E85DCE3E529} = {DBA1F780-24C2-4BE5-8422-16FC1EBD0173}
		{3BEA57F1-DE16-40C7-9FAA-DCF2BAAD2079} = {7A1CFE26-A20C-47C6-9191-DA82410CAC20}
		{7CCAEB5E-1B14-41F2-847F-8EDA256BC044} = {3BEA57F1-DE16-40C7-9FAA-DCF2BAAD2079}
	EndGlobalSection
	GlobalSection(ExtensibilityGlobals) = postSolution
		SolutionGuid = {29B5CF96-3BB5-4D8F-91A6-C44BA80511F9}
	EndGlobalSection
EndGlobal
